{
  "name": "grouplan",
  "lockfileVersion": 2,
  "requires": true,
  "packages": {
    "": {
      "dependencies": {
        "emoji-picker-react": "^3.5.1"
      }
    },
    "node_modules/emoji-picker-react": {
      "version": "3.5.1",
      "resolved": "https://registry.npmjs.org/emoji-picker-react/-/emoji-picker-react-3.5.1.tgz",
      "integrity": "sha512-cuSthFAvUO8Q1N7KJPEgZ7N0JNIWPKgN5GUmKe71UlSD4qFYI/p05RT9nohlWOq6YSFhEy2mI/60zBZiaku4mg=="
    }
  },
  "dependencies": {
    "emoji-picker-react": {
      "version": "3.5.1",
      "resolved": "https://registry.npmjs.org/emoji-picker-react/-/emoji-picker-react-3.5.1.tgz",
      "integrity": "sha512-cuSthFAvUO8Q1N7KJPEgZ7N0JNIWPKgN5GUmKe71UlSD4qFYI/p05RT9nohlWOq6YSFhEy2mI/60zBZiaku4mg=="
    }
  }
}
